// !$*UTF8*$!
{
	archiveVersion = 1;
	classes = {
	};
	objectVersion = 56;
	objects = {

/* Begin PBXBuildFile section */
		2C72F71E2BDD821C001D57E9 /* AppDelegate.swift in Sources */ = {isa = PBXBuildFile; fileRef = 2C72F71D2BDD821C001D57E9 /* AppDelegate.swift */; };
		2C72F7202BDD821C001D57E9 /* SceneDelegate.swift in Sources */ = {isa = PBXBuildFile; fileRef = 2C72F71F2BDD821C001D57E9 /* SceneDelegate.swift */; };
		2C72F7222BDD821C001D57E9 /* RMTabBarController.swift in Sources */ = {isa = PBXBuildFile; fileRef = 2C72F7212BDD821C001D57E9 /* RMTabBarController.swift */; };
		2C72F7272BDD821E001D57E9 /* Assets.xcassets in Resources */ = {isa = PBXBuildFile; fileRef = 2C72F7262BDD821E001D57E9 /* Assets.xcassets */; };
		2C72F72A2BDD821E001D57E9 /* LaunchScreen.storyboard in Resources */ = {isa = PBXBuildFile; fileRef = 2C72F7282BDD821E001D57E9 /* LaunchScreen.storyboard */; };
		2C72F7372BDD84A1001D57E9 /* RMCharacterViewController.swift in Sources */ = {isa = PBXBuildFile; fileRef = 2C72F7362BDD84A1001D57E9 /* RMCharacterViewController.swift */; };
		2C72F7392BDD84B3001D57E9 /* RMEpisodeViewController.swift in Sources */ = {isa = PBXBuildFile; fileRef = 2C72F7382BDD84B3001D57E9 /* RMEpisodeViewController.swift */; };
		2C72F73B2BDD84CA001D57E9 /* RMLocationViewController.swift in Sources */ = {isa = PBXBuildFile; fileRef = 2C72F73A2BDD84CA001D57E9 /* RMLocationViewController.swift */; };
		2C72F73D2BDD84DA001D57E9 /* RMSettingsViewController.swift in Sources */ = {isa = PBXBuildFile; fileRef = 2C72F73C2BDD84DA001D57E9 /* RMSettingsViewController.swift */; };
		2C72F73F2BDD84F1001D57E9 /* RMCharacter.swift in Sources */ = {isa = PBXBuildFile; fileRef = 2C72F73E2BDD84F1001D57E9 /* RMCharacter.swift */; };
		2C72F7412BDD84FE001D57E9 /* RMEpisode.swift in Sources */ = {isa = PBXBuildFile; fileRef = 2C72F7402BDD84FE001D57E9 /* RMEpisode.swift */; };
		2C72F7432BDD8507001D57E9 /* RMLocation.swift in Sources */ = {isa = PBXBuildFile; fileRef = 2C72F7422BDD8507001D57E9 /* RMLocation.swift */; };
/* End PBXBuildFile section */

/* Begin PBXFileReference section */
		2C72F71A2BDD821C001D57E9 /* RickAndMorty2.app */ = {isa = PBXFileReference; explicitFileType = wrapper.application; includeInIndex = 0; path = RickAndMorty2.app; sourceTree = BUILT_PRODUCTS_DIR; };
		2C72F71D2BDD821C001D57E9 /* AppDelegate.swift */ = {isa = PBXFileReference; lastKnownFileType = sourcecode.swift; path = AppDelegate.swift; sourceTree = "<group>"; };
		2C72F71F2BDD821C001D57E9 /* SceneDelegate.swift */ = {isa = PBXFileReference; lastKnownFileType = sourcecode.swift; path = SceneDelegate.swift; sourceTree = "<group>"; };
		2C72F7212BDD821C001D57E9 /* RMTabBarController.swift */ = {isa = PBXFileReference; lastKnownFileType = sourcecode.swift; path = RMTabBarController.swift; sourceTree = "<group>"; };
		2C72F7262BDD821E001D57E9 /* Assets.xcassets */ = {isa = PBXFileReference; lastKnownFileType = folder.assetcatalog; path = Assets.xcassets; sourceTree = "<group>"; };
		2C72F7292BDD821E001D57E9 /* Base */ = {isa = PBXFileReference; lastKnownFileType = file.storyboard; name = Base; path = Base.lproj/LaunchScreen.storyboard; sourceTree = "<group>"; };
		2C72F72B2BDD821E001D57E9 /* Info.plist */ = {isa = PBXFileReference; lastKnownFileType = text.plist.xml; path = Info.plist; sourceTree = "<group>"; };
		2C72F7362BDD84A1001D57E9 /* RMCharacterViewController.swift */ = {isa = PBXFileReference; lastKnownFileType = sourcecode.swift; path = RMCharacterViewController.swift; sourceTree = "<group>"; };
		2C72F7382BDD84B3001D57E9 /* RMEpisodeViewController.swift */ = {isa = PBXFileReference; lastKnownFileType = sourcecode.swift; path = RMEpisodeViewController.swift; sourceTree = "<group>"; };
		2C72F73A2BDD84CA001D57E9 /* RMLocationViewController.swift */ = {isa = PBXFileReference; lastKnownFileType = sourcecode.swift; path = RMLocationViewController.swift; sourceTree = "<group>"; };
		2C72F73C2BDD84DA001D57E9 /* RMSettingsViewController.swift */ = {isa = PBXFileReference; lastKnownFileType = sourcecode.swift; path = RMSettingsViewController.swift; sourceTree = "<group>"; };
		2C72F73E2BDD84F1001D57E9 /* RMCharacter.swift */ = {isa = PBXFileReference; lastKnownFileType = sourcecode.swift; path = RMCharacter.swift; sourceTree = "<group>"; };
		2C72F7402BDD84FE001D57E9 /* RMEpisode.swift */ = {isa = PBXFileReference; lastKnownFileType = sourcecode.swift; path = RMEpisode.swift; sourceTree = "<group>"; };
		2C72F7422BDD8507001D57E9 /* RMLocation.swift */ = {isa = PBXFileReference; lastKnownFileType = sourcecode.swift; path = RMLocation.swift; sourceTree = "<group>"; };
/* End PBXFileReference section */

/* Begin PBXFrameworksBuildPhase section */
		2C72F7172BDD821C001D57E9 /* Frameworks */ = {
			isa = PBXFrameworksBuildPhase;
			buildActionMask = 2147483647;
			files = (
			);
			runOnlyForDeploymentPostprocessing = 0;
		};
/* End PBXFrameworksBuildPhase section */

/* Begin PBXGroup section */
		2C72F7112BDD821C001D57E9 = {
			isa = PBXGroup;
			children = (
				2C72F71C2BDD821C001D57E9 /* RickAndMorty2 */,
				2C72F71B2BDD821C001D57E9 /* Products */,
			);
			sourceTree = "<group>";
		};
		2C72F71B2BDD821C001D57E9 /* Products */ = {
			isa = PBXGroup;
			children = (
				2C72F71A2BDD821C001D57E9 /* RickAndMorty2.app */,
			);
			name = Products;
			sourceTree = "<group>";
		};
		2C72F71C2BDD821C001D57E9 /* RickAndMorty2 */ = {
			isa = PBXGroup;
			children = (
				2C72F7312BDD83C4001D57E9 /* Controllers */,
				2C72F7332BDD83EF001D57E9 /* Models */,
				2C72F7322BDD83DC001D57E9 /* Views */,
				2C72F7342BDD83F8001D57E9 /* ViewModels */,
				2C72F7352BDD8423001D57E9 /* Resources */,
				2C72F72B2BDD821E001D57E9 /* Info.plist */,
			);
			path = RickAndMorty2;
			sourceTree = "<group>";
		};
		2C72F7312BDD83C4001D57E9 /* Controllers */ = {
			isa = PBXGroup;
			children = (
				2C72F7212BDD821C001D57E9 /* RMTabBarController.swift */,
				2C72F7362BDD84A1001D57E9 /* RMCharacterViewController.swift */,
				2C72F7382BDD84B3001D57E9 /* RMEpisodeViewController.swift */,
				2C72F73A2BDD84CA001D57E9 /* RMLocationViewController.swift */,
				2C72F73C2BDD84DA001D57E9 /* RMSettingsViewController.swift */,
			);
			path = Controllers;
			sourceTree = "<group>";
		};
		2C72F7322BDD83DC001D57E9 /* Views */ = {
			isa = PBXGroup;
			children = (
			);
			path = Views;
			sourceTree = "<group>";
		};
		2C72F7332BDD83EF001D57E9 /* Models */ = {
			isa = PBXGroup;
			children = (
				2C72F73E2BDD84F1001D57E9 /* RMCharacter.swift */,
				2C72F7402BDD84FE001D57E9 /* RMEpisode.swift */,
				2C72F7422BDD8507001D57E9 /* RMLocation.swift */,
			);
			path = Models;
			sourceTree = "<group>";
		};
		2C72F7342BDD83F8001D57E9 /* ViewModels */ = {
			isa = PBXGroup;
			children = (
			);
			path = ViewModels;
			sourceTree = "<group>";
		};
		2C72F7352BDD8423001D57E9 /* Resources */ = {
			isa = PBXGroup;
			children = (
				2C72F71D2BDD821C001D57E9 /* AppDelegate.swift */,
				2C72F71F2BDD821C001D57E9 /* SceneDelegate.swift */,
				2C72F7262BDD821E001D57E9 /* Assets.xcassets */,
				2C72F7282BDD821E001D57E9 /* LaunchScreen.storyboard */,
			);
			path = Resources;
			sourceTree = "<group>";
		};
/* End PBXGroup section */

/* Begin PBXNativeTarget section */
		2C72F7192BDD821C001D57E9 /* RickAndMorty2 */ = {
			isa = PBXNativeTarget;
			buildConfigurationList = 2C72F72E2BDD821E001D57E9 /* Build configuration list for PBXNativeTarget "RickAndMorty2" */;
			buildPhases = (
				2C72F7162BDD821C001D57E9 /* Sources */,
				2C72F7172BDD821C001D57E9 /* Frameworks */,
				2C72F7182BDD821C001D57E9 /* Resources */,
			);
			buildRules = (
			);
			dependencies = (
			);
			name = RickAndMorty2;
			productName = RickAndMorty2;
			productReference = 2C72F71A2BDD821C001D57E9 /* RickAndMorty2.app */;
			productType = "com.apple.product-type.application";
		};
/* End PBXNativeTarget section */

/* Begin PBXProject section */
		2C72F7122BDD821C001D57E9 /* Project object */ = {
			isa = PBXProject;
			attributes = {
				BuildIndependentTargetsInParallel = 1;
				LastSwiftUpdateCheck = 1420;
				LastUpgradeCheck = 1420;
				TargetAttributes = {
					2C72F7192BDD821C001D57E9 = {
						CreatedOnToolsVersion = 14.2;
					};
				};
			};
			buildConfigurationList = 2C72F7152BDD821C001D57E9 /* Build configuration list for PBXProject "RickAndMorty2" */;
			compatibilityVersion = "Xcode 14.0";
			developmentRegion = en;
			hasScannedForEncodings = 0;
			knownRegions = (
				en,
				Base,
			);
			mainGroup = 2C72F7112BDD821C001D57E9;
			productRefGroup = 2C72F71B2BDD821C001D57E9 /* Products */;
			projectDirPath = "";
			projectRoot = "";
			targets = (
				2C72F7192BDD821C001D57E9 /* RickAndMorty2 */,
			);
		};
/* End PBXProject section */

/* Begin PBXResourcesBuildPhase section */
		2C72F7182BDD821C001D57E9 /* Resources */ = {
			isa = PBXResourcesBuildPhase;
			buildActionMask = 2147483647;
			files = (
				2C72F72A2BDD821E001D57E9 /* LaunchScreen.storyboard in Resources */,
				2C72F7272BDD821E001D57E9 /* Assets.xcassets in Resources */,
			);
			runOnlyForDeploymentPostprocessing = 0;
		};
/* End PBXResourcesBuildPhase section */

/* Begin PBXSourcesBuildPhase section */
		2C72F7162BDD821C001D57E9 /* Sources */ = {
			isa = PBXSourcesBuildPhase;
			buildActionMask = 2147483647;
			files = (
				2C72F73F2BDD84F1001D57E9 /* RMCharacter.swift in Sources */,
				2C72F73B2BDD84CA001D57E9 /* RMLocationViewController.swift in Sources */,
				2C72F7222BDD821C001D57E9 /* RMTabBarController.swift in Sources */,
				2C72F7412BDD84FE001D57E9 /* RMEpisode.swift in Sources */,
				2C72F7372BDD84A1001D57E9 /* RMCharacterViewController.swift in Sources */,
				2C72F71E2BDD821C001D57E9 /* AppDelegate.swift in Sources */,
				2C72F7392BDD84B3001D57E9 /* RMEpisodeViewController.swift in Sources */,
				2C72F7432BDD8507001D57E9 /* RMLocation.swift in Sources */,
				2C72F73D2BDD84DA001D57E9 /* RMSettingsViewController.swift in Sources */,
				2C72F7202BDD821C001D57E9 /* SceneDelegate.swift in Sources */,
			);
			runOnlyForDeploymentPostprocessing = 0;
		};
/* End PBXSourcesBuildPhase section */

/* Begin PBXVariantGroup section */
		2C72F7282BDD821E001D57E9 /* LaunchScreen.storyboard */ = {
			isa = PBXVariantGroup;
			children = (
				2C72F7292BDD821E001D57E9 /* Base */,
			);
			name = LaunchScreen.storyboard;
			sourceTree = "<group>";
		};
/* End PBXVariantGroup section */

/* Begin XCBuildConfiguration section */
		2C72F72C2BDD821E001D57E9 /* Debug */ = {
			isa = XCBuildConfiguration;
			buildSettings = {
				ALWAYS_SEARCH_USER_PATHS = NO;
				CLANG_ANALYZER_NONNULL = YES;
				CLANG_ANALYZER_NUMBER_OBJECT_CONVERSION = YES_AGGRESSIVE;
				CLANG_CXX_LANGUAGE_STANDARD = "gnu++20";
				CLANG_ENABLE_MODULES = YES;
				CLANG_ENABLE_OBJC_ARC = YES;
				CLANG_ENABLE_OBJC_WEAK = YES;
				CLANG_WARN_BLOCK_CAPTURE_AUTORELEASING = YES;
				CLANG_WARN_BOOL_CONVERSION = YES;
				CLANG_WARN_COMMA = YES;
				CLANG_WARN_CONSTANT_CONVERSION = YES;
				CLANG_WARN_DEPRECATED_OBJC_IMPLEMENTATIONS = YES;
				CLANG_WARN_DIRECT_OBJC_ISA_USAGE = YES_ERROR;
				CLANG_WARN_DOCUMENTATION_COMMENTS = YES;
				CLANG_WARN_EMPTY_BODY = YES;
				CLANG_WARN_ENUM_CONVERSION = YES;
				CLANG_WARN_INFINITE_RECURSION = YES;
				CLANG_WARN_INT_CONVERSION = YES;
				CLANG_WARN_NON_LITERAL_NULL_CONVERSION = YES;
				CLANG_WARN_OBJC_IMPLICIT_RETAIN_SELF = YES;
				CLANG_WARN_OBJC_LITERAL_CONVERSION = YES;
				CLANG_WARN_OBJC_ROOT_CLASS = YES_ERROR;
				CLANG_WARN_QUOTED_INCLUDE_IN_FRAMEWORK_HEADER = YES;
				CLANG_WARN_RANGE_LOOP_ANALYSIS = YES;
				CLANG_WARN_STRICT_PROTOTYPES = YES;
				CLANG_WARN_SUSPICIOUS_MOVE = YES;
				CLANG_WARN_UNGUARDED_AVAILABILITY = YES_AGGRESSIVE;
				CLANG_WARN_UNREACHABLE_CODE = YES;
				CLANG_WARN__DUPLICATE_METHOD_MATCH = YES;
				COPY_PHASE_STRIP = NO;
				DEBUG_INFORMATION_FORMAT = dwarf;
				ENABLE_STRICT_OBJC_MSGSEND = YES;
				ENABLE_TESTABILITY = YES;
				GCC_C_LANGUAGE_STANDARD = gnu11;
				GCC_DYNAMIC_NO_PIC = NO;
				GCC_NO_COMMON_BLOCKS = YES;
				GCC_OPTIMIZATION_LEVEL = 0;
				GCC_PREPROCESSOR_DEFINITIONS = (
					"DEBUG=1",
					"$(inherited)",
				);
				GCC_WARN_64_TO_32_BIT_CONVERSION = YES;
				GCC_WARN_ABOUT_RETURN_TYPE = YES_ERROR;
				GCC_WARN_UNDECLARED_SELECTOR = YES;
				GCC_WARN_UNINITIALIZED_AUTOS = YES_AGGRESSIVE;
				GCC_WARN_UNUSED_FUNCTION = YES;
				GCC_WARN_UNUSED_VARIABLE = YES;
				IPHONEOS_DEPLOYMENT_TARGET = 16.2;
				MTL_ENABLE_DEBUG_INFO = INCLUDE_SOURCE;
				MTL_FAST_MATH = YES;
				ONLY_ACTIVE_ARCH = YES;
				SDKROOT = iphoneos;
				SWIFT_ACTIVE_COMPILATION_CONDITIONS = DEBUG;
				SWIFT_OPTIMIZATION_LEVEL = "-Onone";
			};
			name = Debug;
		};
		2C72F72D2BDD821E001D57E9 /* Release */ = {
			isa = XCBuildConfiguration;
			buildSettings = {
				ALWAYS_SEARCH_USER_PATHS = NO;
				CLANG_ANALYZER_NONNULL = YES;
				CLANG_ANALYZER_NUMBER_OBJECT_CONVERSION = YES_AGGRESSIVE;
				CLANG_CXX_LANGUAGE_STANDARD = "gnu++20";
				CLANG_ENABLE_MODULES = YES;
				CLANG_ENABLE_OBJC_ARC = YES;
				CLANG_ENABLE_OBJC_WEAK = YES;
				CLANG_WARN_BLOCK_CAPTURE_AUTORELEASING = YES;
				CLANG_WARN_BOOL_CONVERSION = YES;
				CLANG_WARN_COMMA = YES;
				CLANG_WARN_CONSTANT_CONVERSION = YES;
				CLANG_WARN_DEPRECATED_OBJC_IMPLEMENTATIONS = YES;
				CLANG_WARN_DIRECT_OBJC_ISA_USAGE = YES_ERROR;
				CLANG_WARN_DOCUMENTATION_COMMENTS = YES;
				CLANG_WARN_EMPTY_BODY = YES;
				CLANG_WARN_ENUM_CONVERSION = YES;
				CLANG_WARN_INFINITE_RECURSION = YES;
				CLANG_WARN_INT_CONVERSION = YES;
				CLANG_WARN_NON_LITERAL_NULL_CONVERSION = YES;
				CLANG_WARN_OBJC_IMPLICIT_RETAIN_SELF = YES;
				CLANG_WARN_OBJC_LITERAL_CONVERSION = YES;
				CLANG_WARN_OBJC_ROOT_CLASS = YES_ERROR;
				CLANG_WARN_QUOTED_INCLUDE_IN_FRAMEWORK_HEADER = YES;
				CLANG_WARN_RANGE_LOOP_ANALYSIS = YES;
				CLANG_WARN_STRICT_PROTOTYPES = YES;
				CLANG_WARN_SUSPICIOUS_MOVE = YES;
				CLANG_WARN_UNGUARDED_AVAILABILITY = YES_AGGRESSIVE;
				CLANG_WARN_UNREACHABLE_CODE = YES;
				CLANG_WARN__DUPLICATE_METHOD_MATCH = YES;
				COPY_PHASE_STRIP = NO;
				DEBUG_INFORMATION_FORMAT = "dwarf-with-dsym";
				ENABLE_NS_ASSERTIONS = NO;
				ENABLE_STRICT_OBJC_MSGSEND = YES;
				GCC_C_LANGUAGE_STANDARD = gnu11;
				GCC_NO_COMMON_BLOCKS = YES;
				GCC_WARN_64_TO_32_BIT_CONVERSION = YES;
				GCC_WARN_ABOUT_RETURN_TYPE = YES_ERROR;
				GCC_WARN_UNDECLARED_SELECTOR = YES;
				GCC_WARN_UNINITIALIZED_AUTOS = YES_AGGRESSIVE;
				GCC_WARN_UNUSED_FUNCTION = YES;
				GCC_WARN_UNUSED_VARIABLE = YES;
				IPHONEOS_DEPLOYMENT_TARGET = 16.2;
				MTL_ENABLE_DEBUG_INFO = NO;
				MTL_FAST_MATH = YES;
				SDKROOT = iphoneos;
				SWIFT_COMPILATION_MODE = wholemodule;
				SWIFT_OPTIMIZATION_LEVEL = "-O";
				VALIDATE_PRODUCT = YES;
			};
			name = Release;
		};
		2C72F72F2BDD821E001D57E9 /* Debug */ = {
			isa = XCBuildConfiguration;
			buildSettings = {
				ASSETCATALOG_COMPILER_APPICON_NAME = AppIcon;
				ASSETCATALOG_COMPILER_GLOBAL_ACCENT_COLOR_NAME = AccentColor;
				CODE_SIGN_STYLE = Automatic;
				CURRENT_PROJECT_VERSION = 1;
				GENERATE_INFOPLIST_FILE = YES;
				INFOPLIST_FILE = RickAndMorty2/Info.plist;
				INFOPLIST_KEY_UIApplicationSupportsIndirectInputEvents = YES;
				INFOPLIST_KEY_UILaunchStoryboardName = LaunchScreen;
				INFOPLIST_KEY_UISupportedInterfaceOrientations_iPad = "UIInterfaceOrientationPortrait UIInterfaceOrientationPortraitUpsideDown UIInterfaceOrientationLandscapeLeft UIInterfaceOrientationLandscapeRight";
				INFOPLIST_KEY_UISupportedInterfaceOrientations_iPhone = "UIInterfaceOrientationPortrait UIInterfaceOrientationLandscapeLeft UIInterfaceOrientationLandscapeRight";
				LD_RUNPATH_SEARCH_PATHS = (
					"$(inherited)",
					"@executable_path/Frameworks",
				);
				MARKETING_VERSION = 1.0;
				PRODUCT_BUNDLE_IDENTIFIER = me.Subedi.Hari.RickAndMorty2;
				PRODUCT_NAME = "$(TARGET_NAME)";
				SWIFT_EMIT_LOC_STRINGS = YES;
				SWIFT_VERSION = 5.0;
				TARGETED_DEVICE_FAMILY = "1,2";
			};
			name = Debug;
		};
		2C72F7302BDD821E001D57E9 /* Release */ = {
			isa = XCBuildConfiguration;
			buildSettings = {
				ASSETCATALOG_COMPILER_APPICON_NAME = AppIcon;
				ASSETCATALOG_COMPILER_GLOBAL_ACCENT_COLOR_NAME = AccentColor;
				CODE_SIGN_STYLE = Automatic;
				CURRENT_PROJECT_VERSION = 1;
				GENERATE_INFOPLIST_FILE = YES;
				INFOPLIST_FILE = RickAndMorty2/Info.plist;
				INFOPLIST_KEY_UIApplicationSupportsIndirectInputEvents = YES;
				INFOPLIST_KEY_UILaunchStoryboardName = LaunchScreen;
				INFOPLIST_KEY_UISupportedInterfaceOrientations_iPad = "UIInterfaceOrientationPortrait UIInterfaceOrientationPortraitUpsideDown UIInterfaceOrientationLandscapeLeft UIInterfaceOrientationLandscapeRight";
				INFOPLIST_KEY_UISupportedInterfaceOrientations_iPhone = "UIInterfaceOrientationPortrait UIInterfaceOrientationLandscapeLeft UIInterfaceOrientationLandscapeRight";
				LD_RUNPATH_SEARCH_PATHS = (
					"$(inherited)",
					"@executable_path/Frameworks",
				);
				MARKETING_VERSION = 1.0;
				PRODUCT_BUNDLE_IDENTIFIER = me.Subedi.Hari.RickAndMorty2;
				PRODUCT_NAME = "$(TARGET_NAME)";
				SWIFT_EMIT_LOC_STRINGS = YES;
				SWIFT_VERSION = 5.0;
				TARGETED_DEVICE_FAMILY = "1,2";
			};
			name = Release;
		};
/* End XCBuildConfiguration section */

/* Begin XCConfigurationList section */
		2C72F7152BDD821C001D57E9 /* Build configuration list for PBXProject "RickAndMorty2" */ = {
			isa = XCConfigurationList;
			buildConfigurations = (
				2C72F72C2BDD821E001D57E9 /* Debug */,
				2C72F72D2BDD821E001D57E9 /* Release */,
			);
			defaultConfigurationIsVisible = 0;
			defaultConfigurationName = Release;
		};
		2C72F72E2BDD821E001D57E9 /* Build configuration list for PBXNativeTarget "RickAndMorty2" */ = {
			isa = XCConfigurationList;
			buildConfigurations = (
				2C72F72F2BDD821E001D57E9 /* Debug */,
				2C72F7302BDD821E001D57E9 /* Release */,
			);
			defaultConfigurationIsVisible = 0;
			defaultConfigurationName = Release;
		};
/* End XCConfigurationList section */
	};
	rootObject = 2C72F7122BDD821C001D57E9 /* Project object */;
}
